{
  "name": "yearbook",
  "version": "0.0.0",
  "lockfileVersion": 1,
  "requires": true,
  "dependencies": {
    "@angular/core": {
      "version": "7.2.15",
      "resolved": "https://registry.npmjs.org/@angular/core/-/core-7.2.15.tgz",
      "integrity": "sha512-XsuYm0jEU/mOqwDOk2utThv8J9kESkAerfuCHClE9rB2TtHUOGCfekF7lJWqjjypu6/J9ygoPFo7hdAE058ZGg==",
      "requires": {
        "tslib": "^1.9.0"
      },
      "dependencies": {
        "tslib": {
          "version": "1.10.0",
          "resolved": "https://registry.npmjs.org/tslib/-/tslib-1.10.0.tgz",
          "integrity": "sha512-qOebF53frne81cf0S9B41ByenJ3/IuH8yJKngAX35CmiZySA0khhkovshKK+jGCaMnVomla7gVlIcc3EvKPbTQ=="
        }
      }
    },
    "@angular/forms": {
      "version": "7.2.15",
      "resolved": "https://registry.npmjs.org/@angular/forms/-/forms-7.2.15.tgz",
      "integrity": "sha512-p0kcIQLtBBC1qeTA6M3nOuXf/k91E80FKquVM9zEsO2kDjI0oZJVfFYL2UMov5samlJOPN+t6lRHEIUa7ApPsw==",
      "requires": {
        "tslib": "^1.9.0"
      },
      "dependencies": {
        "tslib": {
          "version": "1.10.0",
          "resolved": "https://registry.npmjs.org/tslib/-/tslib-1.10.0.tgz",
          "integrity": "sha512-qOebF53frne81cf0S9B41ByenJ3/IuH8yJKngAX35CmiZySA0khhkovshKK+jGCaMnVomla7gVlIcc3EvKPbTQ=="
        }
      }
    }
  }
}
